
Microsoft Visual Studio Solution File, Format Version 12.00
# Visual Studio Version 17
VisualStudioVersion = 17.3.32901.215
MinimumVisualStudioVersion = 10.0.40219.1
Project("{FAE04EC0-301F-11D3-BF4B-00C04F79EFBC}") = "employeeManagmentApp", "employeeManagmentApp\employeeManagmentApp.csproj", "{B8DC39B1-E3C1-465B-AB3A-79E45D627EFF}"
EndProject
Global
	GlobalSection(SolutionConfigurationPlatforms) = preSolution
		Debug|Any CPU = Debug|Any CPU
		Release|Any CPU = Release|Any CPU
	EndGlobalSection
	GlobalSection(ProjectConfigurationPlatforms) = postSolution
		{B8DC39B1-E3C1-465B-AB3A-79E45D627EFF}.Debug|Any CPU.ActiveCfg = Debug|Any CPU
		{B8DC39B1-E3C1-465B-AB3A-79E45D627EFF}.Debug|Any CPU.Build.0 = Debug|Any CPU
		{B8DC39B1-E3C1-465B-AB3A-79E45D627EFF}.Release|Any CPU.ActiveCfg = Release|Any CPU
		{B8DC39B1-E3C1-465B-AB3A-79E45D627EFF}.Release|Any CPU.Build.0 = Release|Any CPU
	EndGlobalSection
	GlobalSection(SolutionProperties) = preSolution
		HideSolutionNode = FALSE
	EndGlobalSection
	GlobalSection(ExtensibilityGlobals) = postSolution
		SolutionGuid = {865EEA75-B5FF-47A2-8F11-4A0994B2B056}
	EndGlobalSection
EndGlobal
